
Microsoft Visual Studio Solution File, Format Version 12.00
Project("{FAE04EC0-301F-11D3-BF4B-00C04F79EFBC}") = "Err_114", "Err_114.csproj", "{AC1536A4-61C5-4E3D-9C8B-CF29DC6354F3}"
EndProject
Global
	GlobalSection(SolutionConfigurationPlatforms) = preSolution
		Debug|Any CPU = Debug|Any CPU
		Release|Any CPU = Release|Any CPU
	EndGlobalSection
	GlobalSection(ProjectConfigurationPlatforms) = postSolution
		{AC1536A4-61C5-4E3D-9C8B-CF29DC6354F3}.Debug|Any CPU.ActiveCfg = Debug|Any CPU
		{AC1536A4-61C5-4E3D-9C8B-CF29DC6354F3}.Debug|Any CPU.Build.0 = Debug|Any CPU
		{AC1536A4-61C5-4E3D-9C8B-CF29DC6354F3}.Release|Any CPU.ActiveCfg = Release|Any CPU
		{AC1536A4-61C5-4E3D-9C8B-CF29DC6354F3}.Release|Any CPU.Build.0 = Release|Any CPU
	EndGlobalSection
EndGlobal
